
Microsoft Visual Studio Solution File, Format Version 12.00
# Visual Studio Version 16
VisualStudioVersion = 16.0.31019.35
MinimumVisualStudioVersion = 10.0.40219.1
Project("{FAE04EC0-301F-11D3-BF4B-00C04F79EFBC}") = "lab1_true", "lab1_true.csproj", "{319246E3-34EC-4DCC-A123-152CD8543B43}"
EndProject
Global
	GlobalSection(SolutionConfigurationPlatforms) = preSolution
		Debug|Any CPU = Debug|Any CPU
		Release|Any CPU = Release|Any CPU
	EndGlobalSection
	GlobalSection(ProjectConfigurationPlatforms) = postSolution
		{319246E3-34EC-4DCC-A123-152CD8543B43}.Debug|Any CPU.ActiveCfg = Debug|Any CPU
		{319246E3-34EC-4DCC-A123-152CD8543B43}.Debug|Any CPU.Build.0 = Debug|Any CPU
		{319246E3-34EC-4DCC-A123-152CD8543B43}.Release|Any CPU.ActiveCfg = Release|Any CPU
		{319246E3-34EC-4DCC-A123-152CD8543B43}.Release|Any CPU.Build.0 = Release|Any CPU
	EndGlobalSection
	GlobalSection(SolutionProperties) = preSolution
		HideSolutionNode = FALSE
	EndGlobalSection
	GlobalSection(ExtensibilityGlobals) = postSolution
		SolutionGuid = {92247034-29FD-4D70-AAAA-F3D9528660C9}
	EndGlobalSection
EndGlobal
